
Microsoft Visual Studio Solution File, Format Version 12.00
Project("{2150E333-8FDC-42A3-9474-1A3956D46DE8}") = "src", "src", "{4BAACDA0-9553-4A3A-B7A3-7359D985A4EF}"
EndProject
Project("{FAE04EC0-301F-11D3-BF4B-00C04F79EFBC}") = "RocketMQ.Client", "src\RocketMQ.Client\RocketMQ.Client.csproj", "{FF8724C4-39D7-4948-AE2C-553E31163A9D}"
EndProject
Project("{2150E333-8FDC-42A3-9474-1A3956D46DE8}") = "test", "test", "{3A1EB8F8-097C-41D3-97E3-EA8BCD15C4E4}"
EndProject
Project("{FAE04EC0-301F-11D3-BF4B-00C04F79EFBC}") = "RocketMQ.Client.Tests", "test\RocketMQ.Client.Tests\RocketMQ.Client.Tests.csproj", "{3788A45A-0273-461C-88F6-76D8E6EA23A1}"
EndProject
Global
	GlobalSection(SolutionConfigurationPlatforms) = preSolution
		Debug|Any CPU = Debug|Any CPU
		Release|Any CPU = Release|Any CPU
	EndGlobalSection
	GlobalSection(NestedProjects) = preSolution
		{FF8724C4-39D7-4948-AE2C-553E31163A9D} = {4BAACDA0-9553-4A3A-B7A3-7359D985A4EF}
		{3788A45A-0273-461C-88F6-76D8E6EA23A1} = {3A1EB8F8-097C-41D3-97E3-EA8BCD15C4E4}
	EndGlobalSection
	GlobalSection(ProjectConfigurationPlatforms) = postSolution
		{FF8724C4-39D7-4948-AE2C-553E31163A9D}.Debug|Any CPU.ActiveCfg = Debug|Any CPU
		{FF8724C4-39D7-4948-AE2C-553E31163A9D}.Debug|Any CPU.Build.0 = Debug|Any CPU
		{FF8724C4-39D7-4948-AE2C-553E31163A9D}.Release|Any CPU.ActiveCfg = Release|Any CPU
		{FF8724C4-39D7-4948-AE2C-553E31163A9D}.Release|Any CPU.Build.0 = Release|Any CPU
		{3788A45A-0273-461C-88F6-76D8E6EA23A1}.Debug|Any CPU.ActiveCfg = Debug|Any CPU
		{3788A45A-0273-461C-88F6-76D8E6EA23A1}.Debug|Any CPU.Build.0 = Debug|Any CPU
		{3788A45A-0273-461C-88F6-76D8E6EA23A1}.Release|Any CPU.ActiveCfg = Release|Any CPU
		{3788A45A-0273-461C-88F6-76D8E6EA23A1}.Release|Any CPU.Build.0 = Release|Any CPU
	EndGlobalSection
EndGlobal
